
Microsoft Visual Studio Solution File, Format Version 12.00
# Visual Studio Version 17
VisualStudioVersion = 17.0.31903.59
MinimumVisualStudioVersion = 10.0.40219.1
Project("{2150E333-8FDC-42A3-9474-1A3956D46DE8}") = "Source", "Source", "{A8DFEBA1-1BBE-44D7-AA4B-786599B7E615}"
EndProject
Project("{9A19103F-16F7-4668-BE54-9A1E7A4F7556}") = "OVB.Demos.Ecommerce.Microsservices.Account.WebApi", "Source\Account\OVB.Demos.Ecommerce.Microsservices.Account.WebApi\OVB.Demos.Ecommerce.Microsservices.Account.WebApi.csproj", "{3431FFCA-73D6-4BFA-A16D-4A2B986BC1BF}"
EndProject
Project("{2150E333-8FDC-42A3-9474-1A3956D46DE8}") = "Base", "Base", "{B4F02E80-7CD4-46E2-AB40-04B220A382DE}"
EndProject
Project("{9A19103F-16F7-4668-BE54-9A1E7A4F7556}") = "OVB.Demos.Ecommerce.Microsservices.Base.Infrascructure.Observability", "Source\Base\OVB.Demos.Ecommerce.Microsservices.Base.Infrascructure.Observability\OVB.Demos.Ecommerce.Microsservices.Base.Infrascructure.Observability.csproj", "{5521585F-E381-47A3-9F28-DFD1B4DF2FAF}"
EndProject
Project("{9A19103F-16F7-4668-BE54-9A1E7A4F7556}") = "OVB.Demos.Ecommerce.Microsservices.Account.Domain", "Source\Account\OVB.Demos.Ecommerce.Microsservices.Account.Domain\OVB.Demos.Ecommerce.Microsservices.Account.Domain.csproj", "{0D5B3E78-9483-43D5-9287-A751AB024E0C}"
EndProject
Project("{9A19103F-16F7-4668-BE54-9A1E7A4F7556}") = "OVB.Demos.Ecommerce.Microsservices.Base.Domain", "Source\Base\OVB.Demos.Ecommerce.Microsservices.Base.Domain\OVB.Demos.Ecommerce.Microsservices.Base.Domain.csproj", "{FD4CF9CC-AD5F-48CE-B1CB-0FD5F752E943}"
EndProject
Project("{9A19103F-16F7-4668-BE54-9A1E7A4F7556}") = "OVB.Demos.Ecommerce.Microsservices.Account.Infrascructure.Data", "Source\Account\OVB.Demos.Ecommerce.Microsservices.Account.Infrascructure.Data\OVB.Demos.Ecommerce.Microsservices.Account.Infrascructure.Data.csproj", "{F5C996E6-B59F-4E15-86B4-E1B16A504D0E}"
EndProject
Project("{9A19103F-16F7-4668-BE54-9A1E7A4F7556}") = "OVB.Demos.Ecommerce.Microsservices.Account.Infrascructure.UnitOfWork", "Source\Account\OVB.Demos.Ecommerce.Microsservices.Account.Infrascructure.UnitOfWork\OVB.Demos.Ecommerce.Microsservices.Account.Infrascructure.UnitOfWork.csproj", "{1C3A6CDF-7BCA-4996-A694-A8A1E46FCEEA}"
EndProject
Project("{9A19103F-16F7-4668-BE54-9A1E7A4F7556}") = "OVB.Demos.Ecommerce.Microsservices.Account.Application.Services", "Source\Account\OVB.Demos.Ecommerce.Microsservices.Account.Application.Services\OVB.Demos.Ecommerce.Microsservices.Account.Application.Services.csproj", "{A0392A37-E9EE-43D1-9F35-B8F1BB63765B}"
EndProject
Project("{9A19103F-16F7-4668-BE54-9A1E7A4F7556}") = "OVB.Demos.Ecommerce.Microsservices.Base.DesignPatterns.Notification", "Source\Base\OVB.Demos.Ecommerce.Microsservices.Base.DesignPatterns.Notification\OVB.Demos.Ecommerce.Microsservices.Base.DesignPatterns.Notification.csproj", "{A868ABC1-511A-4DE5-8BCA-793FA282EA64}"
EndProject
Project("{2150E333-8FDC-42A3-9474-1A3956D46DE8}") = "Documentation", "Documentation", "{3FD6C8F3-2B32-4213-9120-6723979C4CEA}"
	ProjectSection(SolutionItems) = preProject
		README.md = README.md
	EndProjectSection
EndProject
Project("{9A19103F-16F7-4668-BE54-9A1E7A4F7556}") = "OVB.Demos.Ecommerce.Microsservices.Base.DesignPatterns.Adapter", "Source\Base\OVB.Demos.Ecommerce.Microsservices.Base.DesignPatterns.Adapter\OVB.Demos.Ecommerce.Microsservices.Base.DesignPatterns.Adapter.csproj", "{5287D845-1C56-4593-9EC2-463134B4BB5B}"
EndProject
Project("{9A19103F-16F7-4668-BE54-9A1E7A4F7556}") = "OVB.Demos.Ecommerce.Microsservices.Account.Services.Worker", "Source\Account\OVB.Demos.Ecommerce.Mircosservices.Account.Services.Worker\OVB.Demos.Ecommerce.Microsservices.Account.Services.Worker.csproj", "{D356B06D-CA82-4A0E-9D7D-ED859E0D5B22}"
EndProject
Project("{9A19103F-16F7-4668-BE54-9A1E7A4F7556}") = "OVB.Demos.Ecommerce.Microsservices.Base.Infrascructure.RabbitMQ", "Source\Base\OVB.Demos.Ecommerce.Microsservices.Base.Infrascructure.RabbitMQ\OVB.Demos.Ecommerce.Microsservices.Base.Infrascructure.RabbitMQ.csproj", "{A0E43AC2-0C54-41BD-A29E-B350EF9B116E}"
EndProject
Project("{9A19103F-16F7-4668-BE54-9A1E7A4F7556}") = "OVB.Demos.Ecommerce.Microsservices.Account.Domain.Protobuffer", "Source\Account\OVB.Demos.Ecommerce.Microsservices.Account.Domain.Protobuffer\OVB.Demos.Ecommerce.Microsservices.Account.Domain.Protobuffer.csproj", "{EC465555-49CF-400C-89A5-CD0BA65A7301}"
EndProject
Project("{9A19103F-16F7-4668-BE54-9A1E7A4F7556}") = "OVB.Demos.Ecommerce.Microsservices.Base.Infrascructure.Retry", "Source\Base\OVB.Demos.Ecommerce.Microsservices.Base.Infrascructure.Retry\OVB.Demos.Ecommerce.Microsservices.Base.Infrascructure.Retry.csproj", "{C7E1B7D1-732E-4142-92D7-26A4FEB01910}"
EndProject
Project("{9A19103F-16F7-4668-BE54-9A1E7A4F7556}") = "OVB.Demos.Ecommerce.Microsservices.Base.Infrascructure.CircuitBreaker", "Source\Base\OVB.Demos.Ecommerce.Microsservices.Base.Infrascructure.CircuitBreaker\OVB.Demos.Ecommerce.Microsservices.Base.Infrascructure.CircuitBreaker.csproj", "{72AD4FAD-17A1-46DB-A5B0-2B3006023238}"
EndProject
Project("{9A19103F-16F7-4668-BE54-9A1E7A4F7556}") = "OVB.Demos.Ecommerce.Microsservices.Account.WebGrpc", "Source\Account\OVB.Demos.Ecommerce.Microsservices.Account.WebGrpc\OVB.Demos.Ecommerce.Microsservices.Account.WebGrpc.csproj", "{6A55A055-CE19-467F-838D-74C1AB6EAA39}"
EndProject
Project("{2150E333-8FDC-42A3-9474-1A3956D46DE8}") = "Account", "Account", "{0721EA75-27F5-456B-A2E6-3E60352CF879}"
EndProject
Project("{2150E333-8FDC-42A3-9474-1A3956D46DE8}") = "ApiGateways", "ApiGateways", "{A0590E6B-53E3-4C1D-8865-E15D709E000D}"
EndProject
Project("{FAE04EC0-301F-11D3-BF4B-00C04F79EFBC}") = "OVB.Demos.Ecommerce.Microsservices.ApiGateway", "Source\ApiGateway\OVB.Demos.Ecommerce.Microsservices.ApiGateway\OVB.Demos.Ecommerce.Microsservices.ApiGateway.csproj", "{501CAC75-AB8F-4EB5-8B9A-48AAACF58ACF}"
EndProject
Project("{9A19103F-16F7-4668-BE54-9A1E7A4F7556}") = "OVB.Demos.Ecommerce.Microsservices.Base.Domain.Serialization", "Source\Base\OVB.Demos.Ecommerce.Microsservices.Base.Domain.Serialization\OVB.Demos.Ecommerce.Microsservices.Base.Domain.Serialization.csproj", "{B7C389E3-475C-4563-AB01-6A697CA35249}"
EndProject
Global
	GlobalSection(SolutionConfigurationPlatforms) = preSolution
		Debug|Any CPU = Debug|Any CPU
		Release|Any CPU = Release|Any CPU
	EndGlobalSection
	GlobalSection(ProjectConfigurationPlatforms) = postSolution
		{3431FFCA-73D6-4BFA-A16D-4A2B986BC1BF}.Debug|Any CPU.ActiveCfg = Debug|Any CPU
		{3431FFCA-73D6-4BFA-A16D-4A2B986BC1BF}.Debug|Any CPU.Build.0 = Debug|Any CPU
		{3431FFCA-73D6-4BFA-A16D-4A2B986BC1BF}.Release|Any CPU.ActiveCfg = Release|Any CPU
		{3431FFCA-73D6-4BFA-A16D-4A2B986BC1BF}.Release|Any CPU.Build.0 = Release|Any CPU
		{5521585F-E381-47A3-9F28-DFD1B4DF2FAF}.Debug|Any CPU.ActiveCfg = Debug|Any CPU
		{5521585F-E381-47A3-9F28-DFD1B4DF2FAF}.Debug|Any CPU.Build.0 = Debug|Any CPU
		{5521585F-E381-47A3-9F28-DFD1B4DF2FAF}.Release|Any CPU.ActiveCfg = Release|Any CPU
		{5521585F-E381-47A3-9F28-DFD1B4DF2FAF}.Release|Any CPU.Build.0 = Release|Any CPU
		{0D5B3E78-9483-43D5-9287-A751AB024E0C}.Debug|Any CPU.ActiveCfg = Debug|Any CPU
		{0D5B3E78-9483-43D5-9287-A751AB024E0C}.Debug|Any CPU.Build.0 = Debug|Any CPU
		{0D5B3E78-9483-43D5-9287-A751AB024E0C}.Release|Any CPU.ActiveCfg = Release|Any CPU
		{0D5B3E78-9483-43D5-9287-A751AB024E0C}.Release|Any CPU.Build.0 = Release|Any CPU
		{FD4CF9CC-AD5F-48CE-B1CB-0FD5F752E943}.Debug|Any CPU.ActiveCfg = Debug|Any CPU
		{FD4CF9CC-AD5F-48CE-B1CB-0FD5F752E943}.Debug|Any CPU.Build.0 = Debug|Any CPU
		{FD4CF9CC-AD5F-48CE-B1CB-0FD5F752E943}.Release|Any CPU.ActiveCfg = Release|Any CPU
		{FD4CF9CC-AD5F-48CE-B1CB-0FD5F752E943}.Release|Any CPU.Build.0 = Release|Any CPU
		{F5C996E6-B59F-4E15-86B4-E1B16A504D0E}.Debug|Any CPU.ActiveCfg = Debug|Any CPU
		{F5C996E6-B59F-4E15-86B4-E1B16A504D0E}.Debug|Any CPU.Build.0 = Debug|Any CPU
		{F5C996E6-B59F-4E15-86B4-E1B16A504D0E}.Release|Any CPU.ActiveCfg = Release|Any CPU
		{F5C996E6-B59F-4E15-86B4-E1B16A504D0E}.Release|Any CPU.Build.0 = Release|Any CPU
		{1C3A6CDF-7BCA-4996-A694-A8A1E46FCEEA}.Debug|Any CPU.ActiveCfg = Debug|Any CPU
		{1C3A6CDF-7BCA-4996-A694-A8A1E46FCEEA}.Debug|Any CPU.Build.0 = Debug|Any CPU
		{1C3A6CDF-7BCA-4996-A694-A8A1E46FCEEA}.Release|Any CPU.ActiveCfg = Release|Any CPU
		{1C3A6CDF-7BCA-4996-A694-A8A1E46FCEEA}.Release|Any CPU.Build.0 = Release|Any CPU
		{A0392A37-E9EE-43D1-9F35-B8F1BB63765B}.Debug|Any CPU.ActiveCfg = Debug|Any CPU
		{A0392A37-E9EE-43D1-9F35-B8F1BB63765B}.Debug|Any CPU.Build.0 = Debug|Any CPU
		{A0392A37-E9EE-43D1-9F35-B8F1BB63765B}.Release|Any CPU.ActiveCfg = Release|Any CPU
		{A0392A37-E9EE-43D1-9F35-B8F1BB63765B}.Release|Any CPU.Build.0 = Release|Any CPU
		{A868ABC1-511A-4DE5-8BCA-793FA282EA64}.Debug|Any CPU.ActiveCfg = Debug|Any CPU
		{A868ABC1-511A-4DE5-8BCA-793FA282EA64}.Debug|Any CPU.Build.0 = Debug|Any CPU
		{A868ABC1-511A-4DE5-8BCA-793FA282EA64}.Release|Any CPU.ActiveCfg = Release|Any CPU
		{A868ABC1-511A-4DE5-8BCA-793FA282EA64}.Release|Any CPU.Build.0 = Release|Any CPU
		{5287D845-1C56-4593-9EC2-463134B4BB5B}.Debug|Any CPU.ActiveCfg = Debug|Any CPU
		{5287D845-1C56-4593-9EC2-463134B4BB5B}.Debug|Any CPU.Build.0 = Debug|Any CPU
		{5287D845-1C56-4593-9EC2-463134B4BB5B}.Release|Any CPU.ActiveCfg = Release|Any CPU
		{5287D845-1C56-4593-9EC2-463134B4BB5B}.Release|Any CPU.Build.0 = Release|Any CPU
		{D356B06D-CA82-4A0E-9D7D-ED859E0D5B22}.Debug|Any CPU.ActiveCfg = Debug|Any CPU
		{D356B06D-CA82-4A0E-9D7D-ED859E0D5B22}.Debug|Any CPU.Build.0 = Debug|Any CPU
		{D356B06D-CA82-4A0E-9D7D-ED859E0D5B22}.Release|Any CPU.ActiveCfg = Release|Any CPU
		{D356B06D-CA82-4A0E-9D7D-ED859E0D5B22}.Release|Any CPU.Build.0 = Release|Any CPU
		{A0E43AC2-0C54-41BD-A29E-B350EF9B116E}.Debug|Any CPU.ActiveCfg = Debug|Any CPU
		{A0E43AC2-0C54-41BD-A29E-B350EF9B116E}.Debug|Any CPU.Build.0 = Debug|Any CPU
		{A0E43AC2-0C54-41BD-A29E-B350EF9B116E}.Release|Any CPU.ActiveCfg = Release|Any CPU
		{A0E43AC2-0C54-41BD-A29E-B350EF9B116E}.Release|Any CPU.Build.0 = Release|Any CPU
		{EC465555-49CF-400C-89A5-CD0BA65A7301}.Debug|Any CPU.ActiveCfg = Debug|Any CPU
		{EC465555-49CF-400C-89A5-CD0BA65A7301}.Debug|Any CPU.Build.0 = Debug|Any CPU
		{EC465555-49CF-400C-89A5-CD0BA65A7301}.Release|Any CPU.ActiveCfg = Release|Any CPU
		{EC465555-49CF-400C-89A5-CD0BA65A7301}.Release|Any CPU.Build.0 = Release|Any CPU
		{C7E1B7D1-732E-4142-92D7-26A4FEB01910}.Debug|Any CPU.ActiveCfg = Debug|Any CPU
		{C7E1B7D1-732E-4142-92D7-26A4FEB01910}.Debug|Any CPU.Build.0 = Debug|Any CPU
		{C7E1B7D1-732E-4142-92D7-26A4FEB01910}.Release|Any CPU.ActiveCfg = Release|Any CPU
		{C7E1B7D1-732E-4142-92D7-26A4FEB01910}.Release|Any CPU.Build.0 = Release|Any CPU
		{72AD4FAD-17A1-46DB-A5B0-2B3006023238}.Debug|Any CPU.ActiveCfg = Debug|Any CPU
		{72AD4FAD-17A1-46DB-A5B0-2B3006023238}.Debug|Any CPU.Build.0 = Debug|Any CPU
		{72AD4FAD-17A1-46DB-A5B0-2B3006023238}.Release|Any CPU.ActiveCfg = Release|Any CPU
		{72AD4FAD-17A1-46DB-A5B0-2B3006023238}.Release|Any CPU.Build.0 = Release|Any CPU
		{6A55A055-CE19-467F-838D-74C1AB6EAA39}.Debug|Any CPU.ActiveCfg = Debug|Any CPU
		{6A55A055-CE19-467F-838D-74C1AB6EAA39}.Debug|Any CPU.Build.0 = Debug|Any CPU
		{6A55A055-CE19-467F-838D-74C1AB6EAA39}.Release|Any CPU.ActiveCfg = Release|Any CPU
		{6A55A055-CE19-467F-838D-74C1AB6EAA39}.Release|Any CPU.Build.0 = Release|Any CPU
		{501CAC75-AB8F-4EB5-8B9A-48AAACF58ACF}.Debug|Any CPU.ActiveCfg = Debug|Any CPU
		{501CAC75-AB8F-4EB5-8B9A-48AAACF58ACF}.Debug|Any CPU.Build.0 = Debug|Any CPU
		{501CAC75-AB8F-4EB5-8B9A-48AAACF58ACF}.Release|Any CPU.ActiveCfg = Release|Any CPU
		{501CAC75-AB8F-4EB5-8B9A-48AAACF58ACF}.Release|Any CPU.Build.0 = Release|Any CPU
		{B7C389E3-475C-4563-AB01-6A697CA35249}.Debug|Any CPU.ActiveCfg = Debug|Any CPU
		{B7C389E3-475C-4563-AB01-6A697CA35249}.Debug|Any CPU.Build.0 = Debug|Any CPU
		{B7C389E3-475C-4563-AB01-6A697CA35249}.Release|Any CPU.ActiveCfg = Release|Any CPU
		{B7C389E3-475C-4563-AB01-6A697CA35249}.Release|Any CPU.Build.0 = Release|Any CPU
	EndGlobalSection
	GlobalSection(SolutionProperties) = preSolution
		HideSolutionNode = FALSE
	EndGlobalSection
	GlobalSection(NestedProjects) = preSolution
		{3431FFCA-73D6-4BFA-A16D-4A2B986BC1BF} = {0721EA75-27F5-456B-A2E6-3E60352CF879}
		{B4F02E80-7CD4-46E2-AB40-04B220A382DE} = {A8DFEBA1-1BBE-44D7-AA4B-786599B7E615}
		{5521585F-E381-47A3-9F28-DFD1B4DF2FAF} = {B4F02E80-7CD4-46E2-AB40-04B220A382DE}
		{0D5B3E78-9483-43D5-9287-A751AB024E0C} = {0721EA75-27F5-456B-A2E6-3E60352CF879}
		{FD4CF9CC-AD5F-48CE-B1CB-0FD5F752E943} = {B4F02E80-7CD4-46E2-AB40-04B220A382DE}
		{F5C996E6-B59F-4E15-86B4-E1B16A504D0E} = {0721EA75-27F5-456B-A2E6-3E60352CF879}
		{1C3A6CDF-7BCA-4996-A694-A8A1E46FCEEA} = {0721EA75-27F5-456B-A2E6-3E60352CF879}
		{A0392A37-E9EE-43D1-9F35-B8F1BB63765B} = {0721EA75-27F5-456B-A2E6-3E60352CF879}
		{A868ABC1-511A-4DE5-8BCA-793FA282EA64} = {B4F02E80-7CD4-46E2-AB40-04B220A382DE}
		{5287D845-1C56-4593-9EC2-463134B4BB5B} = {B4F02E80-7CD4-46E2-AB40-04B220A382DE}
		{D356B06D-CA82-4A0E-9D7D-ED859E0D5B22} = {0721EA75-27F5-456B-A2E6-3E60352CF879}
		{A0E43AC2-0C54-41BD-A29E-B350EF9B116E} = {B4F02E80-7CD4-46E2-AB40-04B220A382DE}
		{EC465555-49CF-400C-89A5-CD0BA65A7301} = {0721EA75-27F5-456B-A2E6-3E60352CF879}
		{C7E1B7D1-732E-4142-92D7-26A4FEB01910} = {B4F02E80-7CD4-46E2-AB40-04B220A382DE}
		{72AD4FAD-17A1-46DB-A5B0-2B3006023238} = {B4F02E80-7CD4-46E2-AB40-04B220A382DE}
		{6A55A055-CE19-467F-838D-74C1AB6EAA39} = {0721EA75-27F5-456B-A2E6-3E60352CF879}
		{0721EA75-27F5-456B-A2E6-3E60352CF879} = {A8DFEBA1-1BBE-44D7-AA4B-786599B7E615}
		{A0590E6B-53E3-4C1D-8865-E15D709E000D} = {A8DFEBA1-1BBE-44D7-AA4B-786599B7E615}
		{501CAC75-AB8F-4EB5-8B9A-48AAACF58ACF} = {A0590E6B-53E3-4C1D-8865-E15D709E000D}
		{B7C389E3-475C-4563-AB01-6A697CA35249} = {B4F02E80-7CD4-46E2-AB40-04B220A382DE}
	EndGlobalSection
	GlobalSection(ExtensibilityGlobals) = postSolution
		SolutionGuid = {DBF79964-7822-4D70-AEB1-D41FE73BABA7}
	EndGlobalSection
EndGlobal
